
Microsoft Visual Studio Solution File, Format Version 12.00
# Visual Studio Version 17
VisualStudioVersion = 17.7.34031.279
MinimumVisualStudioVersion = 10.0.40219.1
Project("{FAE04EC0-301F-11D3-BF4B-00C04F79EFBC}") = "Klassen en Events", "Klassen en Events.csproj", "{A46CAA14-5E1A-4207-A63C-4347084147EB}"
EndProject
Global
	GlobalSection(SolutionConfigurationPlatforms) = preSolution
		Debug|Any CPU = Debug|Any CPU
		Release|Any CPU = Release|Any CPU
	EndGlobalSection
	GlobalSection(ProjectConfigurationPlatforms) = postSolution
		{A46CAA14-5E1A-4207-A63C-4347084147EB}.Debug|Any CPU.ActiveCfg = Debug|Any CPU
		{A46CAA14-5E1A-4207-A63C-4347084147EB}.Debug|Any CPU.Build.0 = Debug|Any CPU
		{A46CAA14-5E1A-4207-A63C-4347084147EB}.Release|Any CPU.ActiveCfg = Release|Any CPU
		{A46CAA14-5E1A-4207-A63C-4347084147EB}.Release|Any CPU.Build.0 = Release|Any CPU
	EndGlobalSection
	GlobalSection(SolutionProperties) = preSolution
		HideSolutionNode = FALSE
	EndGlobalSection
	GlobalSection(ExtensibilityGlobals) = postSolution
		SolutionGuid = {A579A199-1270-4C8C-AC58-9BF8D4EA2ED5}
	EndGlobalSection
EndGlobal
